
Microsoft Visual Studio Solution File, Format Version 12.00
# Visual Studio Version 16
VisualStudioVersion = 16.0.31515.178
MinimumVisualStudioVersion = 10.0.40219.1
Project("{FAE04EC0-301F-11D3-BF4B-00C04F79EFBC}") = "1 - PrimeiroProjeto", "1 - PrimeiroProjeto\1 - PrimeiroProjeto.csproj", "{BEA4E678-6F39-4795-801E-ACDB33DBD3F7}"
EndProject
Project("{FAE04EC0-301F-11D3-BF4B-00C04F79EFBC}") = "2 - CriandoVariaveis", "2 - CriandoVariaveis\2 - CriandoVariaveis.csproj", "{72325CC7-3C90-4B1A-BE4E-E9BB3C6C7183}"
EndProject
Project("{FAE04EC0-301F-11D3-BF4B-00C04F79EFBC}") = "3-CriandoVariaveisPontoFlutuante", "3-CriandoVariaveisPontoFlutuante\3-CriandoVariaveisPontoFlutuante.csproj", "{8E3651F9-747B-4FFC-B787-19E5CB19FD42}"
EndProject
Project("{FAE04EC0-301F-11D3-BF4B-00C04F79EFBC}") = "4-ConversoesEOutrosTiposNumericos", "4-ConversoesEOutrosTiposNumericos\4-ConversoesEOutrosTiposNumericos.csproj", "{295F799F-3BD6-4C4D-8A82-5EEBDB74FF04}"
EndProject
Project("{FAE04EC0-301F-11D3-BF4B-00C04F79EFBC}") = "5-CaracteresETextos", "5-CaracteresETextos\5-CaracteresETextos.csproj", "{7BDCD242-3E8C-41B6-8D43-EB29A236E3D7}"
EndProject
Project("{FAE04EC0-301F-11D3-BF4B-00C04F79EFBC}") = "6-AtribuicoesDeVariaveis", "6-AtribuicoesDeVariaveis\6-AtribuicoesDeVariaveis.csproj", "{2EC7482F-1285-4CDC-A4A3-7C0A8F6F91C9}"
EndProject
Global
	GlobalSection(SolutionConfigurationPlatforms) = preSolution
		Debug|Any CPU = Debug|Any CPU
		Release|Any CPU = Release|Any CPU
	EndGlobalSection
	GlobalSection(ProjectConfigurationPlatforms) = postSolution
		{BEA4E678-6F39-4795-801E-ACDB33DBD3F7}.Debug|Any CPU.ActiveCfg = Debug|Any CPU
		{BEA4E678-6F39-4795-801E-ACDB33DBD3F7}.Debug|Any CPU.Build.0 = Debug|Any CPU
		{BEA4E678-6F39-4795-801E-ACDB33DBD3F7}.Release|Any CPU.ActiveCfg = Release|Any CPU
		{BEA4E678-6F39-4795-801E-ACDB33DBD3F7}.Release|Any CPU.Build.0 = Release|Any CPU
		{72325CC7-3C90-4B1A-BE4E-E9BB3C6C7183}.Debug|Any CPU.ActiveCfg = Debug|Any CPU
		{72325CC7-3C90-4B1A-BE4E-E9BB3C6C7183}.Debug|Any CPU.Build.0 = Debug|Any CPU
		{72325CC7-3C90-4B1A-BE4E-E9BB3C6C7183}.Release|Any CPU.ActiveCfg = Release|Any CPU
		{72325CC7-3C90-4B1A-BE4E-E9BB3C6C7183}.Release|Any CPU.Build.0 = Release|Any CPU
		{8E3651F9-747B-4FFC-B787-19E5CB19FD42}.Debug|Any CPU.ActiveCfg = Debug|Any CPU
		{8E3651F9-747B-4FFC-B787-19E5CB19FD42}.Debug|Any CPU.Build.0 = Debug|Any CPU
		{8E3651F9-747B-4FFC-B787-19E5CB19FD42}.Release|Any CPU.ActiveCfg = Release|Any CPU
		{8E3651F9-747B-4FFC-B787-19E5CB19FD42}.Release|Any CPU.Build.0 = Release|Any CPU
		{295F799F-3BD6-4C4D-8A82-5EEBDB74FF04}.Debug|Any CPU.ActiveCfg = Debug|Any CPU
		{295F799F-3BD6-4C4D-8A82-5EEBDB74FF04}.Debug|Any CPU.Build.0 = Debug|Any CPU
		{295F799F-3BD6-4C4D-8A82-5EEBDB74FF04}.Release|Any CPU.ActiveCfg = Release|Any CPU
		{295F799F-3BD6-4C4D-8A82-5EEBDB74FF04}.Release|Any CPU.Build.0 = Release|Any CPU
		{7BDCD242-3E8C-41B6-8D43-EB29A236E3D7}.Debug|Any CPU.ActiveCfg = Debug|Any CPU
		{7BDCD242-3E8C-41B6-8D43-EB29A236E3D7}.Debug|Any CPU.Build.0 = Debug|Any CPU
		{7BDCD242-3E8C-41B6-8D43-EB29A236E3D7}.Release|Any CPU.ActiveCfg = Release|Any CPU
		{7BDCD242-3E8C-41B6-8D43-EB29A236E3D7}.Release|Any CPU.Build.0 = Release|Any CPU
		{2EC7482F-1285-4CDC-A4A3-7C0A8F6F91C9}.Debug|Any CPU.ActiveCfg = Debug|Any CPU
		{2EC7482F-1285-4CDC-A4A3-7C0A8F6F91C9}.Debug|Any CPU.Build.0 = Debug|Any CPU
		{2EC7482F-1285-4CDC-A4A3-7C0A8F6F91C9}.Release|Any CPU.ActiveCfg = Release|Any CPU
		{2EC7482F-1285-4CDC-A4A3-7C0A8F6F91C9}.Release|Any CPU.Build.0 = Release|Any CPU
	EndGlobalSection
	GlobalSection(SolutionProperties) = preSolution
		HideSolutionNode = FALSE
	EndGlobalSection
	GlobalSection(ExtensibilityGlobals) = postSolution
		SolutionGuid = {745512AF-A1C4-4783-A687-885AA4462FAC}
	EndGlobalSection
EndGlobal
